
Microsoft Visual Studio Solution File, Format Version 12.00
# Visual Studio Version 17
VisualStudioVersion = 17.5.002.0
MinimumVisualStudioVersion = 10.0.40219.1
Project("{9A19103F-16F7-4668-BE54-9A1E7A4F7556}") = "AtomicHabits", "AtomicHabits.csproj", "{C00C7B25-CDD3-48EF-A6DB-15F03AD7D6DB}"
EndProject
Global
	GlobalSection(SolutionConfigurationPlatforms) = preSolution
		Debug|Any CPU = Debug|Any CPU
		Release|Any CPU = Release|Any CPU
	EndGlobalSection
	GlobalSection(ProjectConfigurationPlatforms) = postSolution
		{C00C7B25-CDD3-48EF-A6DB-15F03AD7D6DB}.Debug|Any CPU.ActiveCfg = Debug|Any CPU
		{C00C7B25-CDD3-48EF-A6DB-15F03AD7D6DB}.Debug|Any CPU.Build.0 = Debug|Any CPU
		{C00C7B25-CDD3-48EF-A6DB-15F03AD7D6DB}.Release|Any CPU.ActiveCfg = Release|Any CPU
		{C00C7B25-CDD3-48EF-A6DB-15F03AD7D6DB}.Release|Any CPU.Build.0 = Release|Any CPU
	EndGlobalSection
	GlobalSection(SolutionProperties) = preSolution
		HideSolutionNode = FALSE
	EndGlobalSection
	GlobalSection(ExtensibilityGlobals) = postSolution
		SolutionGuid = {F6E43B48-FD45-42AF-9BB6-F13FE243F4E4}
	EndGlobalSection
EndGlobal
